
Microsoft Visual Studio Solution File, Format Version 12.00
# Visual Studio Version 17
VisualStudioVersion = 17.1.32414.318
MinimumVisualStudioVersion = 10.0.40219.1
Project("{9A19103F-16F7-4668-BE54-9A1E7A4F7556}") = "AddressBookBackend", "AddressBookBackend\AddressBookBackend.csproj", "{7C0F096A-A85E-4321-A1D1-182156988FE9}"
EndProject
Project("{54A90642-561A-4BB1-A94E-469ADEE60C69}") = "AddressBookFrontend", "AddressBookFrontend\AddressBookFrontend.esproj", "{93A8E28F-095A-4EBE-BBF2-FBDE30D1FD60}"
EndProject
Global
	GlobalSection(SolutionConfigurationPlatforms) = preSolution
		Debug|Any CPU = Debug|Any CPU
		Release|Any CPU = Release|Any CPU
	EndGlobalSection
	GlobalSection(ProjectConfigurationPlatforms) = postSolution
		{7C0F096A-A85E-4321-A1D1-182156988FE9}.Debug|Any CPU.ActiveCfg = Debug|Any CPU
		{7C0F096A-A85E-4321-A1D1-182156988FE9}.Debug|Any CPU.Build.0 = Debug|Any CPU
		{7C0F096A-A85E-4321-A1D1-182156988FE9}.Release|Any CPU.ActiveCfg = Release|Any CPU
		{7C0F096A-A85E-4321-A1D1-182156988FE9}.Release|Any CPU.Build.0 = Release|Any CPU
		{93A8E28F-095A-4EBE-BBF2-FBDE30D1FD60}.Debug|Any CPU.ActiveCfg = Debug|Any CPU
		{93A8E28F-095A-4EBE-BBF2-FBDE30D1FD60}.Debug|Any CPU.Build.0 = Debug|Any CPU
		{93A8E28F-095A-4EBE-BBF2-FBDE30D1FD60}.Debug|Any CPU.Deploy.0 = Debug|Any CPU
		{93A8E28F-095A-4EBE-BBF2-FBDE30D1FD60}.Release|Any CPU.ActiveCfg = Release|Any CPU
		{93A8E28F-095A-4EBE-BBF2-FBDE30D1FD60}.Release|Any CPU.Build.0 = Release|Any CPU
		{93A8E28F-095A-4EBE-BBF2-FBDE30D1FD60}.Release|Any CPU.Deploy.0 = Release|Any CPU
	EndGlobalSection
	GlobalSection(SolutionProperties) = preSolution
		HideSolutionNode = FALSE
	EndGlobalSection
	GlobalSection(ExtensibilityGlobals) = postSolution
		SolutionGuid = {58E18024-517F-4D92-BF85-32AC007C24E6}
	EndGlobalSection
EndGlobal
